# THIS IS AN AUTOGENERATED FILE. DO NOT EDIT THIS FILE DIRECTLY.
# yarn lockfile v1


"@babel/runtime@^7.11.2", "@babel/runtime@^7.16.7", "@babel/runtime@^7.17.8":
  version "7.20.6"
  resolved "https://registry.yarnpkg.com/@babel/runtime/-/runtime-7.20.6.tgz#facf4879bfed9b5326326273a64220f099b0fce3"
  integrity sha512-Q+8MqP7TiHMWzSfwiJwXCjyf4GYA4Dgw3emg/7xmwsdLJOZUp+nMqcOwOzzYheuM1rhDu8FSj2l0aoMygEuXuA==
  dependencies:
    regenerator-runtime "^0.13.11"

"@chevrotain/cst-dts-gen@10.4.2":
  version "10.4.2"
  resolved "https://registry.yarnpkg.com/@chevrotain/cst-dts-gen/-/cst-dts-gen-10.4.2.tgz#a3426dba2c48cf6c90e49a0676aea750e8f43e88"
  integrity sha512-0+4bNjlndNWMoVLH/+y4uHnf6GrTipsC+YTppJxelVJo+xeRVQ0s2PpkdDCVTsu7efyj+8r1gFiwVXsp6JZ0iQ==
  dependencies:
    "@chevrotain/gast" "10.4.2"
    "@chevrotain/types" "10.4.2"
    lodash "4.17.21"

"@chevrotain/gast@10.4.2":
  version "10.4.2"
  resolved "https://registry.yarnpkg.com/@chevrotain/gast/-/gast-10.4.2.tgz#236dc48e54cba16260c03bece25d5a3b6e2f5dab"
  integrity sha512-4ZAn8/mjkmYonilSJ60gGj1tAF0cVWYUMlIGA0e4ATAc3a648aCnvpBw7zlPHDQjFp50XC13iyWEgWAKiRKTOA==
  dependencies:
    "@chevrotain/types" "10.4.2"
    lodash "4.17.21"

"@chevrotain/types@10.4.2":
  version "10.4.2"
  resolved "https://registry.yarnpkg.com/@chevrotain/types/-/types-10.4.2.tgz#18be6b7a3226b121fccec08c2ba8433219a6813c"
  integrity sha512-QzSCjg6G4MvIoLeIgOiMR0IgzkGEQqrNJJIr3T5ETRa7l4Av4AMIiEctV99mvDr57iXwwk0/kr3RJxiU36Nevw==

"@chevrotain/utils@10.4.2":
  version "10.4.2"
  resolved "https://registry.yarnpkg.com/@chevrotain/utils/-/utils-10.4.2.tgz#87735732184cc5a2f8aad2f3454082294ef3c924"
  integrity sha512-V34dacxWLwKcvcy32dx96ADJVdB7kOJLm7LyBkBQw5u5HC9WdEFw2G17zml+U3ivavGTrGPJHl8o9/UJm0PlUw==

"@react-spring/animated@~9.5.5":
  version "9.5.5"
  resolved "https://registry.yarnpkg.com/@react-spring/animated/-/animated-9.5.5.tgz#d3bfd0f62ed13a337463a55d2c93bb23c15bbf3e"
  integrity sha512-glzViz7syQ3CE6BQOwAyr75cgh0qsihm5lkaf24I0DfU63cMm/3+br299UEYkuaHNmfDfM414uktiPlZCNJbQA==
  dependencies:
    "@react-spring/shared" "~9.5.5"
    "@react-spring/types" "~9.5.5"

"@react-spring/core@~9.5.5":
  version "9.5.5"
  resolved "https://registry.yarnpkg.com/@react-spring/core/-/core-9.5.5.tgz#1d8a4c64630ee26b2295361e1eedfd716a85b4ae"
  integrity sha512-shaJYb3iX18Au6gkk8ahaF0qx0LpS0Yd+ajb4asBaAQf6WPGuEdJsbsNSgei1/O13JyEATsJl20lkjeslJPMYA==
  dependencies:
    "@react-spring/animated" "~9.5.5"
    "@react-spring/rafz" "~9.5.5"
    "@react-spring/shared" "~9.5.5"
    "@react-spring/types" "~9.5.5"

"@react-spring/konva@~9.5.5":
  version "9.5.5"
  resolved "https://registry.yarnpkg.com/@react-spring/konva/-/konva-9.5.5.tgz#ddbb30cfa268219d69552aa71188832ca8ab4905"
  integrity sha512-0CNh+1vCIjNUklTFwMvxg+H83Jo2OWykBrdEA28ccmnpZgkQ8Kq5xyvaPFLzcDKV67OXHnaWiCYKpRbhLy2wng==
  dependencies:
    "@react-spring/animated" "~9.5.5"
    "@react-spring/core" "~9.5.5"
    "@react-spring/shared" "~9.5.5"
    "@react-spring/types" "~9.5.5"

"@react-spring/native@~9.5.5":
  version "9.5.5"
  resolved "https://registry.yarnpkg.com/@react-spring/native/-/native-9.5.5.tgz#4ecc420c7b4c3fefeebd55d852640d36c29ec9c8"
  integrity sha512-kauqmyJ8u7aVy2bBs22vl1SdB2i5uYIL4rP53k1KDWrFSqJh4j3efWkbTt9uzR5cMXuNVbkNo9OYVFUcQBz50A==
  dependencies:
    "@react-spring/animated" "~9.5.5"
    "@react-spring/core" "~9.5.5"
    "@react-spring/shared" "~9.5.5"
    "@react-spring/types" "~9.5.5"

"@react-spring/rafz@~9.5.5":
  version "9.5.5"
  resolved "https://registry.yarnpkg.com/@react-spring/rafz/-/rafz-9.5.5.tgz#62a49c5e294104b79db2a8afdf4f3a274c7f44ca"
  integrity sha512-F/CLwB0d10jL6My5vgzRQxCNY2RNyDJZedRBK7FsngdCmzoq3V4OqqNc/9voJb9qRC2wd55oGXUeXv2eIaFmsw==

"@react-spring/shared@~9.5.5":
  version "9.5.5"
  resolved "https://registry.yarnpkg.com/@react-spring/shared/-/shared-9.5.5.tgz#9be0b391d546e3e184a24ecbaf40acbaeab7fc73"
  integrity sha512-YwW70Pa/YXPOwTutExHZmMQSHcNC90kJOnNR4G4mCDNV99hE98jWkIPDOsgqbYx3amIglcFPiYKMaQuGdr8dyQ==
  dependencies:
    "@react-spring/rafz" "~9.5.5"
    "@react-spring/types" "~9.5.5"

"@react-spring/three@^9.3.1", "@react-spring/three@~9.5.5":
  version "9.5.5"
  resolved "https://registry.yarnpkg.com/@react-spring/three/-/three-9.5.5.tgz#c6fbee977007d1980406db20a28ac3f5dc2ce153"
  integrity sha512-9kTIaSceqFIl5EIrdwM7Z53o5I+9BGNVzbp4oZZYMao+GMAWOosnlQdDG5GeqNsIqfW9fZCEquGqagfKAxftcA==
  dependencies:
    "@react-spring/animated" "~9.5.5"
    "@react-spring/core" "~9.5.5"
    "@react-spring/shared" "~9.5.5"
    "@react-spring/types" "~9.5.5"

"@react-spring/types@~9.5.5":
  version "9.5.5"
  resolved "https://registry.yarnpkg.com/@react-spring/types/-/types-9.5.5.tgz#c8e94f1b9232ca7cb9d860ea67762ec401b1de14"
  integrity sha512-7I/qY8H7Enwasxr4jU6WmtNK+RZ4Z/XvSlDvjXFVe7ii1x0MoSlkw6pD7xuac8qrHQRm9BTcbZNyeeKApYsvCg==

"@react-spring/web@~9.5.5":
  version "9.5.5"
  resolved "https://registry.yarnpkg.com/@react-spring/web/-/web-9.5.5.tgz#d416abc591aaed930401f0c98a991a8c5b90c382"
  integrity sha512-+moT8aDX/ho/XAhU+HRY9m0LVV9y9CK6NjSRaI+30Re150pB3iEip6QfnF4qnhSCQ5drpMF0XRXHgOTY/xbtFw==
  dependencies:
    "@react-spring/animated" "~9.5.5"
    "@react-spring/core" "~9.5.5"
    "@react-spring/shared" "~9.5.5"
    "@react-spring/types" "~9.5.5"

"@react-spring/zdog@~9.5.5":
  version "9.5.5"
  resolved "https://registry.yarnpkg.com/@react-spring/zdog/-/zdog-9.5.5.tgz#916dba337637d1151c3c2bc829b5105d15adacb5"
  integrity sha512-LZgjo2kLlGmUqfE2fdVnvLXz+4eYyQARRvB9KQ4PTEynaETTG89Xgn9YxLrh1p57DzH7gEmTGDZ5hEw3pWqu8g==
  dependencies:
    "@react-spring/animated" "~9.5.5"
    "@react-spring/core" "~9.5.5"
    "@react-spring/shared" "~9.5.5"
    "@react-spring/types" "~9.5.5"

"@react-three/drei@^9.46.4":
  version "9.46.4"
  resolved "https://registry.yarnpkg.com/@react-three/drei/-/drei-9.46.4.tgz#097173c84a4d1123ccafc665cb57b4b786a0da3e"
  integrity sha512-jrX+gMHlLLcjOy4VvjGEJz6EauzKUXscLi2hmLUhTZ2PI4SwcaZJNKf4KP639XqA4CL1fpIkA/GTmBwVKTUn8A==
  dependencies:
    "@babel/runtime" "^7.11.2"
    "@react-spring/three" "^9.3.1"
    "@use-gesture/react" "^10.2.0"
    detect-gpu "^5.0.1"
    glsl-noise "^0.0.0"
    lodash.clamp "^4.0.3"
    lodash.omit "^4.5.0"
    lodash.pick "^4.4.0"
    meshline "^3.0.4"
    react-composer "^5.0.3"
    react-merge-refs "^1.1.0"
    stats.js "^0.17.0"
    suspend-react "^0.0.8"
    three-mesh-bvh "^0.5.19"
    three-stdlib "^2.20.4"
    troika-three-text "^0.46.4"
    utility-types "^3.10.0"
    zustand "^3.5.13"

"@react-three/fiber@^8.9.1":
  version "8.9.1"
  resolved "https://registry.yarnpkg.com/@react-three/fiber/-/fiber-8.9.1.tgz#54e278148ae1c301a4b516936bfce0d9240a7292"
  integrity sha512-xRMO9RGp0DkxSFu5BmmkjCxJ4r0dEpLobtxXdZwI0h2rZZaCnkPM5zThRN8xaZNbZhzRSVICeNOFaZltr9xFyQ==
  dependencies:
    "@babel/runtime" "^7.17.8"
    "@types/react-reconciler" "^0.26.7"
    its-fine "^1.0.6"
    react-reconciler "^0.27.0"
    react-use-measure "^2.1.1"
    scheduler "^0.21.0"
    suspend-react "^0.0.8"
    zustand "^3.7.1"

"@types/offscreencanvas@^2019.6.4":
  version "2019.7.0"
  resolved "https://registry.yarnpkg.com/@types/offscreencanvas/-/offscreencanvas-2019.7.0.tgz#e4a932069db47bb3eabeb0b305502d01586fa90d"
  integrity sha512-PGcyveRIpL1XIqK8eBsmRBt76eFgtzuPiSTyKHZxnGemp2yzGzWpjYKAfK3wIMiU7eH+851yEpiuP8JZerTmWg==

"@types/prop-types@*":
  version "15.7.5"
  resolved "https://registry.yarnpkg.com/@types/prop-types/-/prop-types-15.7.5.tgz#5f19d2b85a98e9558036f6a3cacc8819420f05cf"
  integrity sha512-JCB8C6SnDoQf0cNycqd/35A7MjcnK+ZTqE7judS6o7utxUCg6imJg3QK2qzHKszlTjcj2cn+NwMB2i96ubpj7w==

"@types/react-reconciler@^0.26.7":
  version "0.26.7"
  resolved "https://registry.yarnpkg.com/@types/react-reconciler/-/react-reconciler-0.26.7.tgz#0c4643f30821ae057e401b0d9037e03e8e9b2a36"
  integrity sha512-mBDYl8x+oyPX/VBb3E638N0B7xG+SPk/EAMcVPeexqus/5aTpTphQi0curhhshOqRrc9t6OPoJfEUkbymse/lQ==
  dependencies:
    "@types/react" "*"

"@types/react-reconciler@^0.28.0":
  version "0.28.0"
  resolved "https://registry.yarnpkg.com/@types/react-reconciler/-/react-reconciler-0.28.0.tgz#513acbed173140e958c909041ca14eb40412077f"
  integrity sha512-5cjk9ottZAj7eaTsqzPUIlrVbh3hBAO2YaEL1rkjHKB3xNAId7oU8GhzvAX+gfmlfoxTwJnBjPxEHyxkEA1Ffg==
  dependencies:
    "@types/react" "*"

"@types/react@*":
  version "18.0.26"
  resolved "https://registry.yarnpkg.com/@types/react/-/react-18.0.26.tgz#8ad59fc01fef8eaf5c74f4ea392621749f0b7917"
  integrity sha512-hCR3PJQsAIXyxhTNSiDFY//LhnMZWpNNr5etoCqx/iUfGc5gXWtQR2Phl908jVR6uPXacojQWTg4qRpkxTuGug==
  dependencies:
    "@types/prop-types" "*"
    "@types/scheduler" "*"
    csstype "^3.0.2"

"@types/scheduler@*":
  version "0.16.2"
  resolved "https://registry.yarnpkg.com/@types/scheduler/-/scheduler-0.16.2.tgz#1a62f89525723dde24ba1b01b092bf5df8ad4d39"
  integrity sha512-hppQEBDmlwhFAXKJX2KnWLYu5yMfi91yazPb2l+lbJiwW+wdo1gNeRA+3RgNSO39WYX2euey41KEwnqesU2Jew==

"@use-gesture/core@10.2.22":
  version "10.2.22"
  resolved "https://registry.yarnpkg.com/@use-gesture/core/-/core-10.2.22.tgz#90bd543b042e6c3a40a69ce8c2c38ecb67f43a2f"
  integrity sha512-Ek0JZFYfk+hicLmoG094gm3YOuDMBNckHb988e59YOZoAkETT8dQSzT+g3QkSHSiP1m5wFXAGPSgxvOuwvGKHQ==

"@use-gesture/react@^10.2.0":
  version "10.2.22"
  resolved "https://registry.yarnpkg.com/@use-gesture/react/-/react-10.2.22.tgz#2b8a39fe9bab83d73b112c8a5248b95099672c84"
  integrity sha512-ECo7ig16SxBE06ENIURO1woKEB6TC8qY3a0rugJjQ2f1o0Tj28xS/eYNyJuqzQB5YT0q5IrF7ZFpbx1p/5ohYA==
  dependencies:
    "@use-gesture/core" "10.2.22"

"@webgpu/glslang@^0.0.15":
  version "0.0.15"
  resolved "https://registry.yarnpkg.com/@webgpu/glslang/-/glslang-0.0.15.tgz#f5ccaf6015241e6175f4b90906b053f88483d1f2"
  integrity sha512-niT+Prh3Aff8Uf1MVBVUsaNjFj9rJAKDXuoHIKiQbB+6IUP/3J3JIhBNyZ7lDhytvXxw6ppgnwKZdDJ08UMj4Q==

bidi-js@^1.0.2:
  version "1.0.2"
  resolved "https://registry.yarnpkg.com/bidi-js/-/bidi-js-1.0.2.tgz#1a497a762c2ddea377429d2649c9ce0f8a91527f"
  integrity sha512-rzSy/k7WdX5zOyeHHCOixGXbCHkyogkxPKL2r8QtzHmVQDiWCXUWa18bLdMWT9CYMLOYTjWpTHawuev2ouYJVw==
  dependencies:
    require-from-string "^2.0.2"

chevrotain@^10.1.2:
  version "10.4.2"
  resolved "https://registry.yarnpkg.com/chevrotain/-/chevrotain-10.4.2.tgz#9abeac6a60134931c0a0788b206400e5f7a3daba"
  integrity sha512-gzF5GxE0Ckti5kZVuKEZycLntB5X2aj9RVY0r4/220GwQjdnljU+/t3kP74/FMWC7IzCDDEjQ9wsFUf0WCdSHg==
  dependencies:
    "@chevrotain/cst-dts-gen" "10.4.2"
    "@chevrotain/gast" "10.4.2"
    "@chevrotain/types" "10.4.2"
    "@chevrotain/utils" "10.4.2"
    lodash "4.17.21"
    regexp-to-ast "0.5.0"

csstype@^3.0.2:
  version "3.1.1"
  resolved "https://registry.yarnpkg.com/csstype/-/csstype-3.1.1.tgz#841b532c45c758ee546a11d5bd7b7b473c8c30b9"
  integrity sha512-DJR/VvkAvSZW9bTouZue2sSxDwdTN92uHjqeKVm+0dAqdfNykRzQ95tay8aXMBAAPpUiq4Qcug2L7neoRh2Egw==

debounce@^1.2.1:
  version "1.2.1"
  resolved "https://registry.yarnpkg.com/debounce/-/debounce-1.2.1.tgz#38881d8f4166a5c5848020c11827b834bcb3e0a5"
  integrity sha512-XRRe6Glud4rd/ZGQfiV1ruXSfbvfJedlV9Y6zOlP+2K04vBYiJEte6stfFkCP03aMnY5tsipamumUjL14fofug==

detect-gpu@^5.0.1:
  version "5.0.1"
  resolved "https://registry.yarnpkg.com/detect-gpu/-/detect-gpu-5.0.1.tgz#926715e4a5c88a4158619d9dc720fcd82e39d561"
  integrity sha512-veq1/ujh7awqtN+M5Eg1eSnNUfaC42WfsKZ6P1UlTqPvxmfUrgrRuoJFaEYZnPKl/2HFV+5xBGHGigjnDKPahQ==
  dependencies:
    webgl-constants "^1.1.1"

draco3d@^1.4.1:
  version "1.5.5"
  resolved "https://registry.yarnpkg.com/draco3d/-/draco3d-1.5.5.tgz#6bf4bbdd65950e6153e991cb0dcb8a10323f610e"
  integrity sha512-JVuNV0EJzD3LBYhGyIXJLeBID/EVtmFO1ZNhAYflTgiMiAJlbhXQmRRda/azjc8MRVMHh0gqGhiqHUo5dIXM8Q==

fflate@^0.6.9:
  version "0.6.10"
  resolved "https://registry.yarnpkg.com/fflate/-/fflate-0.6.10.tgz#5f40f9659205936a2d18abf88b2e7781662b6d43"
  integrity sha512-IQrh3lEPM93wVCEczc9SaAOvkmcoQn/G8Bo1e8ZPlY3X3bnAxWaBdvTdvM1hP62iZp0BXWDy4vTAy4fF0+Dlpg==

glsl-noise@^0.0.0:
  version "0.0.0"
  resolved "https://registry.yarnpkg.com/glsl-noise/-/glsl-noise-0.0.0.tgz#367745f3a33382c0eeec4cb54b7e99cfc1d7670b"
  integrity sha512-b/ZCF6amfAUb7dJM/MxRs7AetQEahYzJ8PtgfrmEdtw6uyGOr+ZSGtgjFm6mfsBkxJ4d2W7kg+Nlqzqvn3Bc0w==

its-fine@^1.0.6:
  version "1.0.6"
  resolved "https://registry.yarnpkg.com/its-fine/-/its-fine-1.0.6.tgz#087b14d71137816dab676d8b57c35a6cd5d2b021"
  integrity sha512-VZJZPwVT2kxe5KQv+TxCjojfLiUIut8zXDNLTxcM7gJ/xQ/bSPk5M0neZ+j3myy45KKkltY1mm1jyJgx3Fxsdg==
  dependencies:
    "@types/react-reconciler" "^0.28.0"

"js-tokens@^3.0.0 || ^4.0.0":
  version "4.0.0"
  resolved "https://registry.yarnpkg.com/js-tokens/-/js-tokens-4.0.0.tgz#19203fb59991df98e3a287050d4647cdeaf32499"
  integrity sha512-RdJUflcE3cUzKiMqQgsCu06FPu9UdIJO0beYbPhHN4k6apgJtifcoCtT9bcxOpYBtpD2kCM6Sbzg4CausW/PKQ==

ktx-parse@^0.4.5:
  version "0.4.5"
  resolved "https://registry.yarnpkg.com/ktx-parse/-/ktx-parse-0.4.5.tgz#79905e22281a9d3e602b2ff522df1ee7d1813aa6"
  integrity sha512-MK3FOody4TXbFf8Yqv7EBbySw7aPvEcPX++Ipt6Sox+/YMFvR5xaTyhfNSk1AEmMy+RYIw81ctN4IMxCB8OAlg==

lodash.clamp@^4.0.3:
  version "4.0.3"
  resolved "https://registry.yarnpkg.com/lodash.clamp/-/lodash.clamp-4.0.3.tgz#5c24bedeeeef0753560dc2b4cb4671f90a6ddfaa"
  integrity sha512-HvzRFWjtcguTW7yd8NJBshuNaCa8aqNFtnswdT7f/cMd/1YKy5Zzoq4W/Oxvnx9l7aeY258uSdDfM793+eLsVg==

lodash.omit@^4.5.0:
  version "4.5.0"
  resolved "https://registry.yarnpkg.com/lodash.omit/-/lodash.omit-4.5.0.tgz#6eb19ae5a1ee1dd9df0b969e66ce0b7fa30b5e60"
  integrity sha512-XeqSp49hNGmlkj2EJlfrQFIzQ6lXdNro9sddtQzcJY8QaoC2GO0DT7xaIokHeyM+mIT0mPMlPvkYzg2xCuHdZg==

lodash.pick@^4.4.0:
  version "4.4.0"
  resolved "https://registry.yarnpkg.com/lodash.pick/-/lodash.pick-4.4.0.tgz#52f05610fff9ded422611441ed1fc123a03001b3"
  integrity sha512-hXt6Ul/5yWjfklSGvLQl8vM//l3FtyHZeuelpzK6mm99pNvN9yTDruNZPEJZD1oWrqo+izBmB7oUfWgcCX7s4Q==

lodash@4.17.21:
  version "4.17.21"
  resolved "https://registry.yarnpkg.com/lodash/-/lodash-4.17.21.tgz#679591c564c3bffaae8454cf0b3df370c3d6911c"
  integrity sha512-v2kDEe57lecTulaDIuNTPy3Ry4gLGJ6Z1O3vE1krgXZNrsQ+LFTGHVxVjcXPs17LhbZVGedAJv8XZ1tvj5FvSg==

loose-envify@^1.1.0, loose-envify@^1.4.0:
  version "1.4.0"
  resolved "https://registry.yarnpkg.com/loose-envify/-/loose-envify-1.4.0.tgz#71ee51fa7be4caec1a63839f7e682d8132d30caf"
  integrity sha512-lyuxPGr/Wfhrlem2CL/UcnUc1zcqKAImBDzukY7Y5F/yQiNdko6+fRLevlw1HgMySw7f611UIY408EtxRSoK3Q==
  dependencies:
    js-tokens "^3.0.0 || ^4.0.0"

meshline@^3.0.4:
  version "3.0.4"
  resolved "https://registry.yarnpkg.com/meshline/-/meshline-3.0.4.tgz#a733bb9d34e457442ff23e08700d34df5509353c"
  integrity sha512-o4kwwnhgYLyNwcB6i+qHejuN9l129p7mdF0vsqzWEAHGw5SBwD9q0ut+tX3G3om8PUW7GOQQa5V4t3I7wMN41Q==

mmd-parser@^1.0.4:
  version "1.0.4"
  resolved "https://registry.yarnpkg.com/mmd-parser/-/mmd-parser-1.0.4.tgz#87cc05782cb5974ca854f0303fc5147bc9d690e7"
  integrity sha512-Qi0VCU46t2IwfGv5KF0+D/t9cizcDug7qnNoy9Ggk7aucp0tssV8IwTMkBlDbm+VqAf3cdQHTCARKSsuS2MYFg==

object-assign@^4.1.1:
  version "4.1.1"
  resolved "https://registry.yarnpkg.com/object-assign/-/object-assign-4.1.1.tgz#2109adc7965887cfc05cbbd442cac8bfbb360863"
  integrity sha512-rJgTQnkUnH1sFw8yT6VSU3zD3sWmu6sZhIseY8VX+GRu3P6F7Fu+JNDoXfklElbLJSnc3FUQHVe4cU5hj+BcUg==

opentype.js@^1.3.3:
  version "1.3.4"
  resolved "https://registry.yarnpkg.com/opentype.js/-/opentype.js-1.3.4.tgz#1c0e72e46288473cc4a4c6a2dc60fd7fe6020d77"
  integrity sha512-d2JE9RP/6uagpQAVtJoF0pJJA/fgai89Cc50Yp0EJHk+eLp6QQ7gBoblsnubRULNY132I0J1QKMJ+JTbMqz4sw==
  dependencies:
    string.prototype.codepointat "^0.2.1"
    tiny-inflate "^1.0.3"

potpack@^1.0.1:
  version "1.0.2"
  resolved "https://registry.yarnpkg.com/potpack/-/potpack-1.0.2.tgz#23b99e64eb74f5741ffe7656b5b5c4ddce8dfc14"
  integrity sha512-choctRBIV9EMT9WGAZHn3V7t0Z2pMQyl0EZE6pFc/6ml3ssw7Dlf/oAOvFwjm1HVsqfQN8GfeFyJ+d8tRzqueQ==

prop-types@^15.6.0:
  version "15.8.1"
  resolved "https://registry.yarnpkg.com/prop-types/-/prop-types-15.8.1.tgz#67d87bf1a694f48435cf332c24af10214a3140b5"
  integrity sha512-oj87CgZICdulUohogVAR7AjlC0327U4el4L6eAvOqCeudMDVU0NThNaV+b9Df4dXgSP1gXMTnPdhfe/2qDH5cg==
  dependencies:
    loose-envify "^1.4.0"
    object-assign "^4.1.1"
    react-is "^16.13.1"

react-composer@^5.0.3:
  version "5.0.3"
  resolved "https://registry.yarnpkg.com/react-composer/-/react-composer-5.0.3.tgz#7beb9513da5e8687f4f434ea1333ef36a4f3091b"
  integrity sha512-1uWd07EME6XZvMfapwZmc7NgCZqDemcvicRi3wMJzXsQLvZ3L7fTHVyPy1bZdnWXM4iPjYuNE+uJ41MLKeTtnA==
  dependencies:
    prop-types "^15.6.0"

react-is@^16.13.1:
  version "16.13.1"
  resolved "https://registry.yarnpkg.com/react-is/-/react-is-16.13.1.tgz#789729a4dc36de2999dc156dd6c1d9c18cea56a4"
  integrity sha512-24e6ynE2H+OKt4kqsOvNd8kBpV65zoxbA4BVsEOB3ARVWQki/DHzaUoC5KuON/BiccDaCCTZBuOcfZs70kR8bQ==

react-merge-refs@^1.1.0:
  version "1.1.0"
  resolved "https://registry.yarnpkg.com/react-merge-refs/-/react-merge-refs-1.1.0.tgz#73d88b892c6c68cbb7a66e0800faa374f4c38b06"
  integrity sha512-alTKsjEL0dKH/ru1Iyn7vliS2QRcBp9zZPGoWxUOvRGWPUYgjo+V01is7p04It6KhgrzhJGnIj9GgX8W4bZoCQ==

react-reconciler@^0.27.0:
  version "0.27.0"
  resolved "https://registry.yarnpkg.com/react-reconciler/-/react-reconciler-0.27.0.tgz#360124fdf2d76447c7491ee5f0e04503ed9acf5b"
  integrity sha512-HmMDKciQjYmBRGuuhIaKA1ba/7a+UsM5FzOZsMO2JYHt9Jh8reCb7j1eDC95NOyUlKM9KRyvdx0flBuDvYSBoA==
  dependencies:
    loose-envify "^1.1.0"
    scheduler "^0.21.0"

react-spring@^9.5.5:
  version "9.5.5"
  resolved "https://registry.yarnpkg.com/react-spring/-/react-spring-9.5.5.tgz#314009a65efc04d0ef157d3d60590dbb9de65f3c"
  integrity sha512-vMGVd2yjgxWcRCzoLn9AD1d24+WpunHBRg5DoehcRdiBocaOH6qgle0xN9C5LPplXfv4yIpS5QWGN5MKrWxSZg==
  dependencies:
    "@react-spring/core" "~9.5.5"
    "@react-spring/konva" "~9.5.5"
    "@react-spring/native" "~9.5.5"
    "@react-spring/three" "~9.5.5"
    "@react-spring/web" "~9.5.5"
    "@react-spring/zdog" "~9.5.5"

react-use-measure@^2.1.1:
  version "2.1.1"
  resolved "https://registry.yarnpkg.com/react-use-measure/-/react-use-measure-2.1.1.tgz#5824537f4ee01c9469c45d5f7a8446177c6cc4ba"
  integrity sha512-nocZhN26cproIiIduswYpV5y5lQpSQS1y/4KuvUCjSKmw7ZWIS/+g3aFnX3WdBkyuGUtTLif3UTqnLLhbDoQig==
  dependencies:
    debounce "^1.2.1"

regenerator-runtime@^0.13.11:
  version "0.13.11"
  resolved "https://registry.yarnpkg.com/regenerator-runtime/-/regenerator-runtime-0.13.11.tgz#f6dca3e7ceec20590d07ada785636a90cdca17f9"
  integrity sha512-kY1AZVr2Ra+t+piVaJ4gxaFaReZVH40AKNo7UCX6W+dEwBo/2oZJzqfuN1qLq1oL45o56cPaTXELwrTh8Fpggg==

regexp-to-ast@0.5.0:
  version "0.5.0"
  resolved "https://registry.yarnpkg.com/regexp-to-ast/-/regexp-to-ast-0.5.0.tgz#56c73856bee5e1fef7f73a00f1473452ab712a24"
  integrity sha512-tlbJqcMHnPKI9zSrystikWKwHkBqu2a/Sgw01h3zFjvYrMxEDYHzzoMZnUrbIfpTFEsoRnnviOXNCzFiSc54Qw==

require-from-string@^2.0.2:
  version "2.0.2"
  resolved "https://registry.yarnpkg.com/require-from-string/-/require-from-string-2.0.2.tgz#89a7fdd938261267318eafe14f9c32e598c36909"
  integrity sha512-Xf0nWe6RseziFMu+Ap9biiUbmplq6S9/p+7w7YXP/JBHhrUDDUhwa+vANyubuqfZWTveU//DYVGsDG7RKL/vEw==

scheduler@^0.21.0:
  version "0.21.0"
  resolved "https://registry.yarnpkg.com/scheduler/-/scheduler-0.21.0.tgz#6fd2532ff5a6d877b6edb12f00d8ab7e8f308820"
  integrity sha512-1r87x5fz9MXqswA2ERLo0EbOAU74DpIUO090gIasYTqlVoJeMcl+Z1Rg7WHz+qtPujhS/hGIt9kxZOYBV3faRQ==
  dependencies:
    loose-envify "^1.1.0"

stats.js@^0.17.0:
  version "0.17.0"
  resolved "https://registry.yarnpkg.com/stats.js/-/stats.js-0.17.0.tgz#b1c3dc46d94498b578b7fd3985b81ace7131cc7d"
  integrity sha512-hNKz8phvYLPEcRkeG1rsGmV5ChMjKDAWU7/OJJdDErPBNChQXxCo3WZurGpnWc6gZhAzEPFad1aVgyOANH1sMw==

string.prototype.codepointat@^0.2.1:
  version "0.2.1"
  resolved "https://registry.yarnpkg.com/string.prototype.codepointat/-/string.prototype.codepointat-0.2.1.tgz#004ad44c8afc727527b108cd462b4d971cd469bc"
  integrity sha512-2cBVCj6I4IOvEnjgO/hWqXjqBGsY+zwPmHl12Srk9IXSZ56Jwwmy+66XO5Iut/oQVR7t5ihYdLB0GMa4alEUcg==

suspend-react@^0.0.8:
  version "0.0.8"
  resolved "https://registry.yarnpkg.com/suspend-react/-/suspend-react-0.0.8.tgz#b0740c1386b4eb652f17affe4339915ee268bd31"
  integrity sha512-ZC3r8Hu1y0dIThzsGw0RLZplnX9yXwfItcvaIzJc2VQVi8TGyGDlu92syMB5ulybfvGLHAI5Ghzlk23UBPF8xg==

three-mesh-bvh@^0.5.19:
  version "0.5.19"
  resolved "https://registry.yarnpkg.com/three-mesh-bvh/-/three-mesh-bvh-0.5.19.tgz#72d489856561d01ef7d4add81f0c82d3fb644d09"
  integrity sha512-Q8huT0NautyR4afW0oMlOz8a4qm3b1jQ1ccMLF/TZ0rA4i58HljsnBjCLEDLQtIINZyLtZPdw60mrD81V/TZDA==

three-stdlib@^2.20.4:
  version "2.20.4"
  resolved "https://registry.yarnpkg.com/three-stdlib/-/three-stdlib-2.20.4.tgz#89a006c53f12c0b037dc9242874bcada8865bd00"
  integrity sha512-Ksy7h//nnH5dhohbmE6mT/gM54dtmcAjaC9Srx7AJ7xpmCEX3IASkZyUkVqNXv3NZFqx79Swq3sSSVqL4pF79Q==
  dependencies:
    "@babel/runtime" "^7.16.7"
    "@types/offscreencanvas" "^2019.6.4"
    "@webgpu/glslang" "^0.0.15"
    chevrotain "^10.1.2"
    draco3d "^1.4.1"
    fflate "^0.6.9"
    ktx-parse "^0.4.5"
    mmd-parser "^1.0.4"
    opentype.js "^1.3.3"
    potpack "^1.0.1"
    zstddec "^0.0.2"

three@^0.147.0:
  version "0.147.0"
  resolved "https://registry.yarnpkg.com/three/-/three-0.147.0.tgz#1974af9e8e0c1efb3a8561334d57c0b6c29a7951"
  integrity sha512-LPTOslYQXFkmvceQjFTNnVVli2LaVF6C99Pv34fJypp8NbQLbTlu3KinZ0zURghS5zEehK+VQyvWuPZ/Sm8fzw==

tiny-inflate@^1.0.3:
  version "1.0.3"
  resolved "https://registry.yarnpkg.com/tiny-inflate/-/tiny-inflate-1.0.3.tgz#122715494913a1805166aaf7c93467933eea26c4"
  integrity sha512-pkY1fj1cKHb2seWDy0B16HeWyczlJA9/WW3u3c4z/NiWDsO3DOU5D7nhTLE9CF0yXv/QZFY7sEJmj24dK+Rrqw==

troika-three-text@^0.46.4:
  version "0.46.4"
  resolved "https://registry.yarnpkg.com/troika-three-text/-/troika-three-text-0.46.4.tgz#77627ac2ac4765d5248c857a8b42f82c25f2d034"
  integrity sha512-Qsv0HhUKTZgSmAJs5wvO7YlBoJSP9TGPLmrg+K9pbQq4lseQdcevbno/WI38bwJBZ/qS56hvfqEzY0zUEFzDIw==
  dependencies:
    bidi-js "^1.0.2"
    troika-three-utils "^0.46.0"
    troika-worker-utils "^0.46.0"
    webgl-sdf-generator "1.1.1"

troika-three-utils@^0.46.0:
  version "0.46.0"
  resolved "https://registry.yarnpkg.com/troika-three-utils/-/troika-three-utils-0.46.0.tgz#6d97a9bf08f2260285edf2bb0be6328dd3d50eec"
  integrity sha512-llHyrXAcwzr0bpg80GxsIp73N7FuImm4WCrKDJkAqcAsWmE5pfP9+Qzw+oMWK1P/AdHQ79eOrOl9NjyW4aOw0w==

troika-worker-utils@^0.46.0:
  version "0.46.0"
  resolved "https://registry.yarnpkg.com/troika-worker-utils/-/troika-worker-utils-0.46.0.tgz#1b698090af78b51a27e03881c90237a2e648d6c4"
  integrity sha512-bzOx5f2ZBxkFhXtIvDJlLn2AI3bzCkGVbCndl/2dL5QZrwHEKl45OEIilCxYQQWJG1rEbOD9O80tMjoYjw19OA==

utility-types@^3.10.0:
  version "3.10.0"
  resolved "https://registry.yarnpkg.com/utility-types/-/utility-types-3.10.0.tgz#ea4148f9a741015f05ed74fd615e1d20e6bed82b"
  integrity sha512-O11mqxmi7wMKCo6HKFt5AhO4BwY3VV68YU07tgxfz8zJTIxr4BpsezN49Ffwy9j3ZpwwJp4fkRwjRzq3uWE6Rg==

webgl-constants@^1.1.1:
  version "1.1.1"
  resolved "https://registry.yarnpkg.com/webgl-constants/-/webgl-constants-1.1.1.tgz#f9633ee87fea56647a60b9ce735cbdfb891c6855"
  integrity sha512-LkBXKjU5r9vAW7Gcu3T5u+5cvSvh5WwINdr0C+9jpzVB41cjQAP5ePArDtk/WHYdVj0GefCgM73BA7FlIiNtdg==

webgl-sdf-generator@1.1.1:
  version "1.1.1"
  resolved "https://registry.yarnpkg.com/webgl-sdf-generator/-/webgl-sdf-generator-1.1.1.tgz#3e1b422b3d87cd3cc77f2602c9db63bc0f6accbd"
  integrity sha512-9Z0JcMTFxeE+b2x1LJTdnaT8rT8aEp7MVxkNwoycNmJWwPdzoXzMh0BjJSh/AEFP+KPYZUli814h8bJZFIZ2jA==

zstddec@^0.0.2:
  version "0.0.2"
  resolved "https://registry.yarnpkg.com/zstddec/-/zstddec-0.0.2.tgz#57e2f28dd1ff56b750e07d158a43f0611ad9eeb4"
  integrity sha512-DCo0oxvcvOTGP/f5FA6tz2Z6wF+FIcEApSTu0zV5sQgn9hoT5lZ9YRAKUraxt9oP7l4e8TnNdi8IZTCX6WCkwA==

zustand@^3.5.13, zustand@^3.7.1:
  version "3.7.2"
  resolved "https://registry.yarnpkg.com/zustand/-/zustand-3.7.2.tgz#7b44c4f4a5bfd7a8296a3957b13e1c346f42514d"
  integrity sha512-PIJDIZKtokhof+9+60cpockVOq05sJzHCriyvaLBmEJixseQ1a5Kdov6fWZfWOu5SK9c+FhH1jU0tntLxRJYMA==
